DEPENDENCIES
  my-elk-stack-cookbook
    git: https://github.com/devops-test-10-2015/my-elk-stack-cookbook.git
    revision: 218b63d7dbb8020292d649f0a1855b563baed9d1
    tag: v1.0.0
  test-2-service-in-vagrant
    path: .
    metadata: true

GRAPH
  my-elk-stack-cookbook (0.1.0)
  test-2-service-in-vagrant (0.0.0)
